
Microsoft Visual Studio Solution File, Format Version 12.00
# Visual Studio Version 16
VisualStudioVersion = 16.0.31424.327
MinimumVisualStudioVersion = 10.0.40219.1
Project("{FAE04EC0-301F-11D3-BF4B-00C04F79EFBC}") = "StackAndQueue", "StackAndQueue.csproj", "{2582E241-3F87-4A34-B8F5-5E29D93D4EDF}"
EndProject
Global
	GlobalSection(SolutionConfigurationPlatforms) = preSolution
		Debug|Any CPU = Debug|Any CPU
		Release|Any CPU = Release|Any CPU
	EndGlobalSection
	GlobalSection(ProjectConfigurationPlatforms) = postSolution
		{2582E241-3F87-4A34-B8F5-5E29D93D4EDF}.Debug|Any CPU.ActiveCfg = Debug|Any CPU
		{2582E241-3F87-4A34-B8F5-5E29D93D4EDF}.Debug|Any CPU.Build.0 = Debug|Any CPU
		{2582E241-3F87-4A34-B8F5-5E29D93D4EDF}.Release|Any CPU.ActiveCfg = Release|Any CPU
		{2582E241-3F87-4A34-B8F5-5E29D93D4EDF}.Release|Any CPU.Build.0 = Release|Any CPU
	EndGlobalSection
	GlobalSection(SolutionProperties) = preSolution
		HideSolutionNode = FALSE
	EndGlobalSection
	GlobalSection(ExtensibilityGlobals) = postSolution
		SolutionGuid = {2EDBC888-5FD9-491A-AED3-9674275B3651}
	EndGlobalSection
EndGlobal
